
Microsoft Visual Studio Solution File, Format Version 12.00
# Visual Studio Version 16
VisualStudioVersion = 16.0.31321.278
MinimumVisualStudioVersion = 10.0.40219.1
Project("{FAE04EC0-301F-11D3-BF4B-00C04F79EFBC}") = "WebApiExample", "WebApiExample\WebApiExample.csproj", "{F4C8ABCC-E24C-46EA-A076-D3ED115412CF}"
EndProject
Global
	GlobalSection(SolutionConfigurationPlatforms) = preSolution
		Debug|Any CPU = Debug|Any CPU
		Release|Any CPU = Release|Any CPU
	EndGlobalSection
	GlobalSection(ProjectConfigurationPlatforms) = postSolution
		{F4C8ABCC-E24C-46EA-A076-D3ED115412CF}.Debug|Any CPU.ActiveCfg = Debug|Any CPU
		{F4C8ABCC-E24C-46EA-A076-D3ED115412CF}.Debug|Any CPU.Build.0 = Debug|Any CPU
		{F4C8ABCC-E24C-46EA-A076-D3ED115412CF}.Release|Any CPU.ActiveCfg = Release|Any CPU
		{F4C8ABCC-E24C-46EA-A076-D3ED115412CF}.Release|Any CPU.Build.0 = Release|Any CPU
	EndGlobalSection
	GlobalSection(SolutionProperties) = preSolution
		HideSolutionNode = FALSE
	EndGlobalSection
	GlobalSection(ExtensibilityGlobals) = postSolution
		SolutionGuid = {F82E8536-DB17-436C-B283-26FEAD504E48}
	EndGlobalSection
EndGlobal
